
Microsoft Visual Studio Solution File, Format Version 12.00
# Visual Studio Version 17
VisualStudioVersion = 17.3.32922.545
MinimumVisualStudioVersion = 10.0.40219.1
Project("{8BC9CEB8-8B4A-11D0-8D11-00A0C91BC942}") = "LightFieldTestHere", "LightFieldTestHere.vcxproj", "{7F1DB8D5-02B0-4A45-8523-C2ADCE9AF112}"
EndProject
Global
	GlobalSection(SolutionConfigurationPlatforms) = preSolution
		Debug|x64 = Debug|x64
		Debug|x86 = Debug|x86
		Release|x64 = Release|x64
		Release|x86 = Release|x86
	EndGlobalSection
	GlobalSection(ProjectConfigurationPlatforms) = postSolution
		{7F1DB8D5-02B0-4A45-8523-C2ADCE9AF112}.Debug|x64.ActiveCfg = Debug|x64
		{7F1DB8D5-02B0-4A45-8523-C2ADCE9AF112}.Debug|x64.Build.0 = Debug|x64
		{7F1DB8D5-02B0-4A45-8523-C2ADCE9AF112}.Debug|x86.ActiveCfg = Debug|Win32
		{7F1DB8D5-02B0-4A45-8523-C2ADCE9AF112}.Debug|x86.Build.0 = Debug|Win32
		{7F1DB8D5-02B0-4A45-8523-C2ADCE9AF112}.Release|x64.ActiveCfg = Release|x64
		{7F1DB8D5-02B0-4A45-8523-C2ADCE9AF112}.Release|x64.Build.0 = Release|x64
		{7F1DB8D5-02B0-4A45-8523-C2ADCE9AF112}.Release|x86.ActiveCfg = Release|Win32
		{7F1DB8D5-02B0-4A45-8523-C2ADCE9AF112}.Release|x86.Build.0 = Release|Win32
	EndGlobalSection
	GlobalSection(SolutionProperties) = preSolution
		HideSolutionNode = FALSE
	EndGlobalSection
	GlobalSection(ExtensibilityGlobals) = postSolution
		SolutionGuid = {E6FFAEB7-C61C-4568-A5BE-D13701EEEC7E}
	EndGlobalSection
EndGlobal
